// !$*UTF8*$!
{
	archiveVersion = 1;
	classes = {
	};
	objectVersion = 48;
	objects = {

/* Begin PBXBuildFile section */
		8A06EA431FBA92C30000F716 /* PlayerDetailViewController.m in Sources */ = {isa = PBXBuildFile; fileRef = 8A06EA421FBA92C30000F716 /* PlayerDetailViewController.m */; };
		8A127BA91FB8CBD900FFDFEA /* AppDelegate.m in Sources */ = {isa = PBXBuildFile; fileRef = 8A127BA81FB8CBD900FFDFEA /* AppDelegate.m */; };
		8A127BAF1FB8CBD900FFDFEA /* Main.storyboard in Resources */ = {isa = PBXBuildFile; fileRef = 8A127BAD1FB8CBD900FFDFEA /* Main.storyboard */; };
		8A127BB21FB8CBD900FFDFEA /* PLMDF_Testing.xcdatamodeld in Sources */ = {isa = PBXBuildFile; fileRef = 8A127BB01FB8CBD900FFDFEA /* PLMDF_Testing.xcdatamodeld */; };
		8A127BB41FB8CBD900FFDFEA /* Assets.xcassets in Resources */ = {isa = PBXBuildFile; fileRef = 8A127BB31FB8CBD900FFDFEA /* Assets.xcassets */; };
		8A127BB71FB8CBD900FFDFEA /* LaunchScreen.storyboard in Resources */ = {isa = PBXBuildFile; fileRef = 8A127BB51FB8CBD900FFDFEA /* LaunchScreen.storyboard */; };
		8A127BBA1FB8CBD900FFDFEA /* main.m in Sources */ = {isa = PBXBuildFile; fileRef = 8A127BB91FB8CBD900FFDFEA /* main.m */; };
		8A13B9201FB94F1600C5E7CE /* LoginHelper.m in Sources */ = {isa = PBXBuildFile; fileRef = 8A13B91F1FB94F1600C5E7CE /* LoginHelper.m */; };
		8A2B0EAA1FB8EFDC00FFD57C /* NSOperation+SPRKit.m in Sources */ = {isa = PBXBuildFile; fileRef = 8A2B0EA61FB8EFDC00FFD57C /* NSOperation+SPRKit.m */; };
		8A2B0EAB1FB8EFDC00FFD57C /* SPRAsyncOperation.m in Sources */ = {isa = PBXBuildFile; fileRef = 8A2B0EA81FB8EFDC00FFD57C /* SPRAsyncOperation.m */; };
		8A2B0EAC1FB8EFDC00FFD57C /* SPRSerialQueue.m in Sources */ = {isa = PBXBuildFile; fileRef = 8A2B0EA91FB8EFDC00FFD57C /* SPRSerialQueue.m */; };
		8A2B0EB01FB8F1EC00FFD57C /* BBHelper.m in Sources */ = {isa = PBXBuildFile; fileRef = 8A2B0EAF1FB8F1EC00FFD57C /* BBHelper.m */; };
		8A2B0EB41FB8F55F00FFD57C /* LoginViewController.m in Sources */ = {isa = PBXBuildFile; fileRef = 8A2B0EB31FB8F55F00FFD57C /* LoginViewController.m */; };
		8A2B0EB71FB8F56E00FFD57C /* MainMenuViewController.m in Sources */ = {isa = PBXBuildFile; fileRef = 8A2B0EB61FB8F56E00FFD57C /* MainMenuViewController.m */; };
		8A2B0EBA1FB8F57E00FFD57C /* AdminMenuViewController.m in Sources */ = {isa = PBXBuildFile; fileRef = 8A2B0EB91FB8F57E00FFD57C /* AdminMenuViewController.m */; };
		8A2B0EBD1FB8F59F00FFD57C /* PlayersCollectionViewController.m in Sources */ = {isa = PBXBuildFile; fileRef = 8A2B0EBC1FB8F59F00FFD57C /* PlayersCollectionViewController.m */; };
		8A2B0EC01FB8F5C400FFD57C /* CameraViewController.m in Sources */ = {isa = PBXBuildFile; fileRef = 8A2B0EBF1FB8F5C400FFD57C /* CameraViewController.m */; };
		8A2B0EC31FB8F5D400FFD57C /* PlayersTableViewController.m in Sources */ = {isa = PBXBuildFile; fileRef = 8A2B0EC21FB8F5D400FFD57C /* PlayersTableViewController.m */; };
		8A2B0EC61FB8F5E100FFD57C /* SignInsTableViewController.m in Sources */ = {isa = PBXBuildFile; fileRef = 8A2B0EC51FB8F5E100FFD57C /* SignInsTableViewController.m */; };
		8A2B0EC91FB8F5EC00FFD57C /* BattlesTableViewController.m in Sources */ = {isa = PBXBuildFile; fileRef = 8A2B0EC81FB8F5EC00FFD57C /* BattlesTableViewController.m */; };
		8A4C00C01FBA5F1200867252 /* notification sample.m in Sources */ = {isa = PBXBuildFile; fileRef = 8A4C00BF1FBA5F1200867252 /* notification sample.m */; };
		8A5905C01FBAA1E900D6380D /* playerJSONModel.m in Sources */ = {isa = PBXBuildFile; fileRef = 8A5905BF1FBAA1E900D6380D /* playerJSONModel.m */; };
		8AA6854F1FBA4F090047DBE1 /* DFAWSClient.m in Sources */ = {isa = PBXBuildFile; fileRef = 8AA6854E1FBA4F090047DBE1 /* DFAWSClient.m */; };
		8ABA46D61FBBB4B900644A0F /* Security.framework in Frameworks */ = {isa = PBXBuildFile; fileRef = 8ABA46D51FBBB4AA00644A0F /* Security.framework */; };
		8AD123B41FC529FE002D81A9 /* battleJSONModel.m in Sources */ = {isa = PBXBuildFile; fileRef = 8AD123B31FC529FE002D81A9 /* battleJSONModel.m */; };
		8AD123B71FC52A0B002D81A9 /* signInJSONModel.m in Sources */ = {isa = PBXBuildFile; fileRef = 8AD123B61FC52A0B002D81A9 /* signInJSONModel.m */; };
		F2426C7F4506F2EB476FACDB /* libPods-PLMDF Testing.a in Frameworks */ = {isa = PBXBuildFile; fileRef = 4CF611E0C9C0B748BFD4E03A /* libPods-PLMDF Testing.a */; };
/* End PBXBuildFile section */

/* Begin PBXFileReference section */
		1FC8A13678B43D8435460F73 /* Pods-PLMDF Testing.release.xcconfig */ = {isa = PBXFileReference; includeInIndex = 1; lastKnownFileType = text.xcconfig; name = "Pods-PLMDF Testing.release.xcconfig"; path = "Pods/Target Support Files/Pods-PLMDF Testing/Pods-PLMDF Testing.release.xcconfig"; sourceTree = "<group>"; };
		4CF611E0C9C0B748BFD4E03A /* libPods-PLMDF Testing.a */ = {isa = PBXFileReference; explicitFileType = archive.ar; includeInIndex = 0; path = "libPods-PLMDF Testing.a"; sourceTree = BUILT_PRODUCTS_DIR; };
		8A06EA411FBA92C30000F716 /* PlayerDetailViewController.h */ = {isa = PBXFileReference; lastKnownFileType = sourcecode.c.h; path = PlayerDetailViewController.h; sourceTree = "<group>"; };
		8A06EA421FBA92C30000F716 /* PlayerDetailViewController.m */ = {isa = PBXFileReference; lastKnownFileType = sourcecode.c.objc; path = PlayerDetailViewController.m; sourceTree = "<group>"; };
		8A127BA41FB8CBD900FFDFEA /* PLMDF Testing.app */ = {isa = PBXFileReference; explicitFileType = wrapper.application; includeInIndex = 0; path = "PLMDF Testing.app"; sourceTree = BUILT_PRODUCTS_DIR; };
		8A127BA71FB8CBD900FFDFEA /* AppDelegate.h */ = {isa = PBXFileReference; lastKnownFileType = sourcecode.c.h; path = AppDelegate.h; sourceTree = "<group>"; };
		8A127BA81FB8CBD900FFDFEA /* AppDelegate.m */ = {isa = PBXFileReference; lastKnownFileType = sourcecode.c.objc; path = AppDelegate.m; sourceTree = "<group>"; };
		8A127BAE1FB8CBD900FFDFEA /* Base */ = {isa = PBXFileReference; lastKnownFileType = file.storyboard; name = Base; path = Base.lproj/Main.storyboard; sourceTree = "<group>"; };
		8A127BB11FB8CBD900FFDFEA /* PLMDF_Testing.xcdatamodel */ = {isa = PBXFileReference; lastKnownFileType = wrapper.xcdatamodel; path = PLMDF_Testing.xcdatamodel; sourceTree = "<group>"; };
		8A127BB31FB8CBD900FFDFEA /* Assets.xcassets */ = {isa = PBXFileReference; lastKnownFileType = folder.assetcatalog; path = Assets.xcassets; sourceTree = "<group>"; };
		8A127BB61FB8CBD900FFDFEA /* Base */ = {isa = PBXFileReference; lastKnownFileType = file.storyboard; name = Base; path = Base.lproj/LaunchScreen.storyboard; sourceTree = "<group>"; };
		8A127BB81FB8CBD900FFDFEA /* Info.plist */ = {isa = PBXFileReference; lastKnownFileType = text.plist.xml; path = Info.plist; sourceTree = "<group>"; };
		8A127BB91FB8CBD900FFDFEA /* main.m */ = {isa = PBXFileReference; lastKnownFileType = sourcecode.c.objc; path = main.m; sourceTree = "<group>"; };
		8A13B91E1FB94F1600C5E7CE /* LoginHelper.h */ = {isa = PBXFileReference; lastKnownFileType = sourcecode.c.h; path = LoginHelper.h; sourceTree = "<group>"; };
		8A13B91F1FB94F1600C5E7CE /* LoginHelper.m */ = {isa = PBXFileReference; lastKnownFileType = sourcecode.c.objc; path = LoginHelper.m; sourceTree = "<group>"; };
		8A2B0EA41FB8EFDC00FFD57C /* SPRSerialQueue.h */ = {isa = PBXFileReference; fileEncoding = 4; lastKnownFileType = sourcecode.c.h; path = SPRSerialQueue.h; sourceTree = "<group>"; };
		8A2B0EA51FB8EFDC00FFD57C /* SPRAsyncOperation.h */ = {isa = PBXFileReference; fileEncoding = 4; lastKnownFileType = sourcecode.c.h; path = SPRAsyncOperation.h; sourceTree = "<group>"; };
		8A2B0EA61FB8EFDC00FFD57C /* NSOperation+SPRKit.m */ = {isa = PBXFileReference; fileEncoding = 4; lastKnownFileType = sourcecode.c.objc; path = "NSOperation+SPRKit.m"; sourceTree = "<group>"; };
		8A2B0EA71FB8EFDC00FFD57C /* NSOperation+SPRKit.h */ = {isa = PBXFileReference; fileEncoding = 4; lastKnownFileType = sourcecode.c.h; path = "NSOperation+SPRKit.h"; sourceTree = "<group>"; };
		8A2B0EA81FB8EFDC00FFD57C /* SPRAsyncOperation.m */ = {isa = PBXFileReference; fileEncoding = 4; lastKnownFileType = sourcecode.c.objc; path = SPRAsyncOperation.m; sourceTree = "<group>"; };
		8A2B0EA91FB8EFDC00FFD57C /* SPRSerialQueue.m */ = {isa = PBXFileReference; fileEncoding = 4; lastKnownFileType = sourcecode.c.objc; path = SPRSerialQueue.m; sourceTree = "<group>"; };
		8A2B0EAE1FB8F1EC00FFD57C /* BBHelper.h */ = {isa = PBXFileReference; fileEncoding = 4; lastKnownFileType = sourcecode.c.h; path = BBHelper.h; sourceTree = "<group>"; };
		8A2B0EAF1FB8F1EC00FFD57C /* BBHelper.m */ = {isa = PBXFileReference; fileEncoding = 4; lastKnownFileType = sourcecode.c.objc; path = BBHelper.m; sourceTree = "<group>"; };
		8A2B0EB21FB8F55F00FFD57C /* LoginViewController.h */ = {isa = PBXFileReference; lastKnownFileType = sourcecode.c.h; path = LoginViewController.h; sourceTree = "<group>"; };
		8A2B0EB31FB8F55F00FFD57C /* LoginViewController.m */ = {isa = PBXFileReference; lastKnownFileType = sourcecode.c.objc; path = LoginViewController.m; sourceTree = "<group>"; };
		8A2B0EB51FB8F56E00FFD57C /* MainMenuViewController.h */ = {isa = PBXFileReference; lastKnownFileType = sourcecode.c.h; path = MainMenuViewController.h; sourceTree = "<group>"; };
		8A2B0EB61FB8F56E00FFD57C /* MainMenuViewController.m */ = {isa = PBXFileReference; lastKnownFileType = sourcecode.c.objc; path = MainMenuViewController.m; sourceTree = "<group>"; };
		8A2B0EB81FB8F57E00FFD57C /* AdminMenuViewController.h */ = {isa = PBXFileReference; lastKnownFileType = sourcecode.c.h; path = AdminMenuViewController.h; sourceTree = "<group>"; };
		8A2B0EB91FB8F57E00FFD57C /* AdminMenuViewController.m */ = {isa = PBXFileReference; lastKnownFileType = sourcecode.c.objc; path = AdminMenuViewController.m; sourceTree = "<group>"; };
		8A2B0EBB1FB8F59F00FFD57C /* PlayersCollectionViewController.h */ = {isa = PBXFileReference; lastKnownFileType = sourcecode.c.h; path = PlayersCollectionViewController.h; sourceTree = "<group>"; };
		8A2B0EBC1FB8F59F00FFD57C /* PlayersCollectionViewController.m */ = {isa = PBXFileReference; lastKnownFileType = sourcecode.c.objc; path = PlayersCollectionViewController.m; sourceTree = "<group>"; };
		8A2B0EBE1FB8F5C400FFD57C /* CameraViewController.h */ = {isa = PBXFileReference; lastKnownFileType = sourcecode.c.h; path = CameraViewController.h; sourceTree = "<group>"; };
		8A2B0EBF1FB8F5C400FFD57C /* CameraViewController.m */ = {isa = PBXFileReference; lastKnownFileType = sourcecode.c.objc; path = CameraViewController.m; sourceTree = "<group>"; };
		8A2B0EC11FB8F5D400FFD57C /* PlayersTableViewController.h */ = {isa = PBXFileReference; lastKnownFileType = sourcecode.c.h; path = PlayersTableViewController.h; sourceTree = "<group>"; };
		8A2B0EC21FB8F5D400FFD57C /* PlayersTableViewController.m */ = {isa = PBXFileReference; lastKnownFileType = sourcecode.c.objc; path = PlayersTableViewController.m; sourceTree = "<group>"; };
		8A2B0EC41FB8F5E100FFD57C /* SignInsTableViewController.h */ = {isa = PBXFileReference; lastKnownFileType = sourcecode.c.h; path = SignInsTableViewController.h; sourceTree = "<group>"; };
		8A2B0EC51FB8F5E100FFD57C /* SignInsTableViewController.m */ = {isa = PBXFileReference; lastKnownFileType = sourcecode.c.objc; path = SignInsTableViewController.m; sourceTree = "<group>"; };
		8A2B0EC71FB8F5EC00FFD57C /* BattlesTableViewController.h */ = {isa = PBXFileReference; lastKnownFileType = sourcecode.c.h; path = BattlesTableViewController.h; sourceTree = "<group>"; };
		8A2B0EC81FB8F5EC00FFD57C /* BattlesTableViewController.m */ = {isa = PBXFileReference; lastKnownFileType = sourcecode.c.objc; path = BattlesTableViewController.m; sourceTree = "<group>"; };
		8A4C00BE1FBA5F1200867252 /* notification sample.h */ = {isa = PBXFileReference; lastKnownFileType = sourcecode.c.h; path = "notification sample.h"; sourceTree = "<group>"; };
		8A4C00BF1FBA5F1200867252 /* notification sample.m */ = {isa = PBXFileReference; lastKnownFileType = sourcecode.c.objc; path = "notification sample.m"; sourceTree = "<group>"; };
		8A5905BE1FBAA1E900D6380D /* playerJSONModel.h */ = {isa = PBXFileReference; lastKnownFileType = sourcecode.c.h; path = playerJSONModel.h; sourceTree = "<group>"; };
		8A5905BF1FBAA1E900D6380D /* playerJSONModel.m */ = {isa = PBXFileReference; lastKnownFileType = sourcecode.c.objc; path = playerJSONModel.m; sourceTree = "<group>"; };
		8AA6854D1FBA4F090047DBE1 /* DFAWSClient.h */ = {isa = PBXFileReference; lastKnownFileType = sourcecode.c.h; name = DFAWSClient.h; path = "PLMDF Testing/DF Classes/DFAWSClient.h"; sourceTree = SOURCE_ROOT; };
		8AA6854E1FBA4F090047DBE1 /* DFAWSClient.m */ = {isa = PBXFileReference; lastKnownFileType = sourcecode.c.objc; name = DFAWSClient.m; path = "PLMDF Testing/DF Classes/DFAWSClient.m"; sourceTree = SOURCE_ROOT; };
		8ABA46D51FBBB4AA00644A0F /* Security.framework */ = {isa = PBXFileReference; lastKnownFileType = wrapper.framework; name = Security.framework; path = System/Library/Frameworks/Security.framework; sourceTree = SDKROOT; };
		8AD123B21FC529FE002D81A9 /* battleJSONModel.h */ = {isa = PBXFileReference; lastKnownFileType = sourcecode.c.h; path = battleJSONModel.h; sourceTree = "<group>"; };
		8AD123B31FC529FE002D81A9 /* battleJSONModel.m */ = {isa = PBXFileReference; lastKnownFileType = sourcecode.c.objc; path = battleJSONModel.m; sourceTree = "<group>"; };
		8AD123B51FC52A0B002D81A9 /* signInJSONModel.h */ = {isa = PBXFileReference; lastKnownFileType = sourcecode.c.h; path = signInJSONModel.h; sourceTree = "<group>"; };
		8AD123B61FC52A0B002D81A9 /* signInJSONModel.m */ = {isa = PBXFileReference; lastKnownFileType = sourcecode.c.objc; path = signInJSONModel.m; sourceTree = "<group>"; };
		8F6060E35B0CFF5134D3F9DC /* Pods-PLMDF Testing.debug.xcconfig */ = {isa = PBXFileReference; includeInIndex = 1; lastKnownFileType = text.xcconfig; name = "Pods-PLMDF Testing.debug.xcconfig"; path = "Pods/Target Support Files/Pods-PLMDF Testing/Pods-PLMDF Testing.debug.xcconfig"; sourceTree = "<group>"; };
/* End PBXFileReference section */

/* Begin PBXFrameworksBuildPhase section */
		8A127BA11FB8CBD900FFDFEA /* Frameworks */ = {
			isa = PBXFrameworksBuildPhase;
			buildActionMask = 2147483647;
			files = (
				8ABA46D61FBBB4B900644A0F /* Security.framework in Frameworks */,
				F2426C7F4506F2EB476FACDB /* libPods-PLMDF Testing.a in Frameworks */,
			);
			runOnlyForDeploymentPostprocessing = 0;
		};
/* End PBXFrameworksBuildPhase section */

/* Begin PBXGroup section */
		3D92FD8E1D50497206B42584 /* Pods */ = {
			isa = PBXGroup;
			children = (
				8F6060E35B0CFF5134D3F9DC /* Pods-PLMDF Testing.debug.xcconfig */,
				1FC8A13678B43D8435460F73 /* Pods-PLMDF Testing.release.xcconfig */,
			);
			name = Pods;
			sourceTree = "<group>";
		};
		8A127B9B1FB8CBD900FFDFEA = {
			isa = PBXGroup;
			children = (
				8A127BA61FB8CBD900FFDFEA /* PLMDF Testing */,
				8A127BA51FB8CBD900FFDFEA /* Products */,
				3D92FD8E1D50497206B42584 /* Pods */,
				AC8A8D948FDC04D4DD847592 /* Frameworks */,
			);
			sourceTree = "<group>";
		};
		8A127BA51FB8CBD900FFDFEA /* Products */ = {
			isa = PBXGroup;
			children = (
				8A127BA41FB8CBD900FFDFEA /* PLMDF Testing.app */,
			);
			name = Products;
			sourceTree = "<group>";
		};
		8A127BA61FB8CBD900FFDFEA /* PLMDF Testing */ = {
			isa = PBXGroup;
			children = (
				8A127BA71FB8CBD900FFDFEA /* AppDelegate.h */,
				8A127BA81FB8CBD900FFDFEA /* AppDelegate.m */,
				8A127BB31FB8CBD900FFDFEA /* Assets.xcassets */,
				8A127BB81FB8CBD900FFDFEA /* Info.plist */,
				8A127BB91FB8CBD900FFDFEA /* main.m */,
				8A127BB01FB8CBD900FFDFEA /* PLMDF_Testing.xcdatamodeld */,
				8A2B0E971FB8ECBC00FFD57C /* DF Classes */,
				8A2B0E961FB8EC8C00FFD57C /* Storyboards */,
				8A2B0E7D1FB8EAA900FFD57C /* View Controllers */,
			);
			path = "PLMDF Testing";
			sourceTree = "<group>";
		};
		8A2B0E7D1FB8EAA900FFD57C /* View Controllers */ = {
			isa = PBXGroup;
			children = (
				8A2B0EB21FB8F55F00FFD57C /* LoginViewController.h */,
				8A2B0EB31FB8F55F00FFD57C /* LoginViewController.m */,
				8A2B0EB51FB8F56E00FFD57C /* MainMenuViewController.h */,
				8A2B0EB61FB8F56E00FFD57C /* MainMenuViewController.m */,
				8A2B0EB81FB8F57E00FFD57C /* AdminMenuViewController.h */,
				8A2B0EB91FB8F57E00FFD57C /* AdminMenuViewController.m */,
				8A2B0EBB1FB8F59F00FFD57C /* PlayersCollectionViewController.h */,
				8A2B0EBC1FB8F59F00FFD57C /* PlayersCollectionViewController.m */,
				8A2B0EBE1FB8F5C400FFD57C /* CameraViewController.h */,
				8A2B0EBF1FB8F5C400FFD57C /* CameraViewController.m */,
				8A2B0EC11FB8F5D400FFD57C /* PlayersTableViewController.h */,
				8A2B0EC21FB8F5D400FFD57C /* PlayersTableViewController.m */,
				8A2B0EC41FB8F5E100FFD57C /* SignInsTableViewController.h */,
				8A2B0EC51FB8F5E100FFD57C /* SignInsTableViewController.m */,
				8A2B0EC71FB8F5EC00FFD57C /* BattlesTableViewController.h */,
				8A2B0EC81FB8F5EC00FFD57C /* BattlesTableViewController.m */,
				8A06EA411FBA92C30000F716 /* PlayerDetailViewController.h */,
				8A06EA421FBA92C30000F716 /* PlayerDetailViewController.m */,
			);
			path = "View Controllers";
			sourceTree = "<group>";
		};
		8A2B0E961FB8EC8C00FFD57C /* Storyboards */ = {
			isa = PBXGroup;
			children = (
				8A127BAD1FB8CBD900FFDFEA /* Main.storyboard */,
				8A127BB51FB8CBD900FFDFEA /* LaunchScreen.storyboard */,
			);
			path = Storyboards;
			sourceTree = "<group>";
		};
		8A2B0E971FB8ECBC00FFD57C /* DF Classes */ = {
			isa = PBXGroup;
			children = (
				8A5905BD1FBAA1C700D6380D /* JSON Models */,
				8AA6854D1FBA4F090047DBE1 /* DFAWSClient.h */,
				8AA6854E1FBA4F090047DBE1 /* DFAWSClient.m */,
				8A2B0EB11FB8F1F700FFD57C /* BBHelper */,
				8A2B0EAD1FB8EFEC00FFD57C /* SPR Kit */,
				8AA6854C1FBA4D370047DBE1 /* Login Helper */,
				8A4C00BE1FBA5F1200867252 /* notification sample.h */,
				8A4C00BF1FBA5F1200867252 /* notification sample.m */,
			);
			path = "DF Classes";
			sourceTree = "<group>";
		};
		8A2B0EAD1FB8EFEC00FFD57C /* SPR Kit */ = {
			isa = PBXGroup;
			children = (
				8A2B0EA71FB8EFDC00FFD57C /* NSOperation+SPRKit.h */,
				8A2B0EA61FB8EFDC00FFD57C /* NSOperation+SPRKit.m */,
				8A2B0EA51FB8EFDC00FFD57C /* SPRAsyncOperation.h */,
				8A2B0EA81FB8EFDC00FFD57C /* SPRAsyncOperation.m */,
				8A2B0EA41FB8EFDC00FFD57C /* SPRSerialQueue.h */,
				8A2B0EA91FB8EFDC00FFD57C /* SPRSerialQueue.m */,
			);
			name = "SPR Kit";
			path = "New Group";
			sourceTree = "<group>";
		};
		8A2B0EB11FB8F1F700FFD57C /* BBHelper */ = {
			isa = PBXGroup;
			children = (
				8A2B0EAE1FB8F1EC00FFD57C /* BBHelper.h */,
				8A2B0EAF1FB8F1EC00FFD57C /* BBHelper.m */,
			);
			path = BBHelper;
			sourceTree = "<group>";
		};
		8A5905BD1FBAA1C700D6380D /* JSON Models */ = {
			isa = PBXGroup;
			children = (
				8AD123B21FC529FE002D81A9 /* battleJSONModel.h */,
				8AD123B31FC529FE002D81A9 /* battleJSONModel.m */,
				8A5905BE1FBAA1E900D6380D /* playerJSONModel.h */,
				8A5905BF1FBAA1E900D6380D /* playerJSONModel.m */,
				8AD123B51FC52A0B002D81A9 /* signInJSONModel.h */,
				8AD123B61FC52A0B002D81A9 /* signInJSONModel.m */,
			);
			path = "JSON Models";
			sourceTree = "<group>";
		};
		8AA6854C1FBA4D370047DBE1 /* Login Helper */ = {
			isa = PBXGroup;
			children = (
				8A13B91E1FB94F1600C5E7CE /* LoginHelper.h */,
				8A13B91F1FB94F1600C5E7CE /* LoginHelper.m */,
			);
			path = "Login Helper";
			sourceTree = "<group>";
		};
		AC8A8D948FDC04D4DD847592 /* Frameworks */ = {
			isa = PBXGroup;
			children = (
				8ABA46D51FBBB4AA00644A0F /* Security.framework */,
				4CF611E0C9C0B748BFD4E03A /* libPods-PLMDF Testing.a */,
			);
			name = Frameworks;
			sourceTree = "<group>";
		};
/* End PBXGroup section */

/* Begin PBXNativeTarget section */
		8A127BA31FB8CBD900FFDFEA /* PLMDF Testing */ = {
			isa = PBXNativeTarget;
			buildConfigurationList = 8A127BBD1FB8CBD900FFDFEA /* Build configuration list for PBXNativeTarget "PLMDF Testing" */;
			buildPhases = (
				F96C6099831ED71936552F9B /* [CP] Check Pods Manifest.lock */,
				8A127BA01FB8CBD900FFDFEA /* Sources */,
				8A127BA11FB8CBD900FFDFEA /* Frameworks */,
				8A127BA21FB8CBD900FFDFEA /* Resources */,
				6DE43ECDBC32B1F8C5779EDD /* [CP] Embed Pods Frameworks */,
				28BFF5FC2477C56D4920C374 /* [CP] Copy Pods Resources */,
			);
			buildRules = (
			);
			dependencies = (
			);
			name = "PLMDF Testing";
			productName = "PLMDF Testing";
			productReference = 8A127BA41FB8CBD900FFDFEA /* PLMDF Testing.app */;
			productType = "com.apple.product-type.application";
		};
/* End PBXNativeTarget section */

/* Begin PBXProject section */
		8A127B9C1FB8CBD900FFDFEA /* Project object */ = {
			isa = PBXProject;
			attributes = {
				LastUpgradeCheck = 0910;
				ORGANIZATIONNAME = "Bill Bruce";
				TargetAttributes = {
					8A127BA31FB8CBD900FFDFEA = {
						CreatedOnToolsVersion = 9.1;
						ProvisioningStyle = Automatic;
					};
				};
			};
			buildConfigurationList = 8A127B9F1FB8CBD900FFDFEA /* Build configuration list for PBXProject "PLMDF Testing" */;
			compatibilityVersion = "Xcode 8.0";
			developmentRegion = en;
			hasScannedForEncodings = 0;
			knownRegions = (
				en,
				Base,
			);
			mainGroup = 8A127B9B1FB8CBD900FFDFEA;
			productRefGroup = 8A127BA51FB8CBD900FFDFEA /* Products */;
			projectDirPath = "";
			projectRoot = "";
			targets = (
				8A127BA31FB8CBD900FFDFEA /* PLMDF Testing */,
			);
		};
/* End PBXProject section */

/* Begin PBXResourcesBuildPhase section */
		8A127BA21FB8CBD900FFDFEA /* Resources */ = {
			isa = PBXResourcesBuildPhase;
			buildActionMask = 2147483647;
			files = (
				8A127BB71FB8CBD900FFDFEA /* LaunchScreen.storyboard in Resources */,
				8A127BB41FB8CBD900FFDFEA /* Assets.xcassets in Resources */,
				8A127BAF1FB8CBD900FFDFEA /* Main.storyboard in Resources */,
			);
			runOnlyForDeploymentPostprocessing = 0;
		};
/* End PBXResourcesBuildPhase section */

/* Begin PBXShellScriptBuildPhase section */
		28BFF5FC2477C56D4920C374 /* [CP] Copy Pods Resources */ = {
			isa = PBXShellScriptBuildPhase;
			buildActionMask = 2147483647;
			files = (
			);
			inputPaths = (
			);
			name = "[CP] Copy Pods Resources";
			outputPaths = (
			);
			runOnlyForDeploymentPostprocessing = 0;
			shellPath = /bin/sh;
			shellScript = "\"${SRCROOT}/Pods/Target Support Files/Pods-PLMDF Testing/Pods-PLMDF Testing-resources.sh\"\n";
			showEnvVarsInLog = 0;
		};
		6DE43ECDBC32B1F8C5779EDD /* [CP] Embed Pods Frameworks */ = {
			isa = PBXShellScriptBuildPhase;
			buildActionMask = 2147483647;
			files = (
			);
			inputPaths = (
			);
			name = "[CP] Embed Pods Frameworks";
			outputPaths = (
			);
			runOnlyForDeploymentPostprocessing = 0;
			shellPath = /bin/sh;
			shellScript = "\"${SRCROOT}/Pods/Target Support Files/Pods-PLMDF Testing/Pods-PLMDF Testing-frameworks.sh\"\n";
			showEnvVarsInLog = 0;
		};
		F96C6099831ED71936552F9B /* [CP] Check Pods Manifest.lock */ = {
			isa = PBXShellScriptBuildPhase;
			buildActionMask = 2147483647;
			files = (
			);
			inputPaths = (
			);
			name = "[CP] Check Pods Manifest.lock";
			outputPaths = (
			);
			runOnlyForDeploymentPostprocessing = 0;
			shellPath = /bin/sh;
			shellScript = "diff \"${PODS_ROOT}/../Podfile.lock\" \"${PODS_ROOT}/Manifest.lock\" > /dev/null\nif [ $? != 0 ] ; then\n    # print error to STDERR\n    echo \"error: The sandbox is not in sync with the Podfile.lock. Run 'pod install' or update your CocoaPods installation.\" >&2\n    exit 1\nfi\n";
			showEnvVarsInLog = 0;
		};
/* End PBXShellScriptBuildPhase section */

/* Begin PBXSourcesBuildPhase section */
		8A127BA01FB8CBD900FFDFEA /* Sources */ = {
			isa = PBXSourcesBuildPhase;
			buildActionMask = 2147483647;
			files = (
				8AA6854F1FBA4F090047DBE1 /* DFAWSClient.m in Sources */,
				8A2B0EBD1FB8F59F00FFD57C /* PlayersCollectionViewController.m in Sources */,
				8A13B9201FB94F1600C5E7CE /* LoginHelper.m in Sources */,
				8A2B0EB41FB8F55F00FFD57C /* LoginViewController.m in Sources */,
				8A5905C01FBAA1E900D6380D /* playerJSONModel.m in Sources */,
				8A127BB21FB8CBD900FFDFEA /* PLMDF_Testing.xcdatamodeld in Sources */,
				8A2B0EAC1FB8EFDC00FFD57C /* SPRSerialQueue.m in Sources */,
				8A2B0EAB1FB8EFDC00FFD57C /* SPRAsyncOperation.m in Sources */,
				8A2B0EB71FB8F56E00FFD57C /* MainMenuViewController.m in Sources */,
				8A2B0EBA1FB8F57E00FFD57C /* AdminMenuViewController.m in Sources */,
				8A127BBA1FB8CBD900FFDFEA /* main.m in Sources */,
				8A127BA91FB8CBD900FFDFEA /* AppDelegate.m in Sources */,
				8A06EA431FBA92C30000F716 /* PlayerDetailViewController.m in Sources */,
				8A2B0EC01FB8F5C400FFD57C /* CameraViewController.m in Sources */,
				8A2B0EB01FB8F1EC00FFD57C /* BBHelper.m in Sources */,
				8AD123B41FC529FE002D81A9 /* battleJSONModel.m in Sources */,
				8A2B0EAA1FB8EFDC00FFD57C /* NSOperation+SPRKit.m in Sources */,
				8A2B0EC91FB8F5EC00FFD57C /* BattlesTableViewController.m in Sources */,
				8A4C00C01FBA5F1200867252 /* notification sample.m in Sources */,
				8A2B0EC31FB8F5D400FFD57C /* PlayersTableViewController.m in Sources */,
				8A2B0EC61FB8F5E100FFD57C /* SignInsTableViewController.m in Sources */,
				8AD123B71FC52A0B002D81A9 /* signInJSONModel.m in Sources */,
			);
			runOnlyForDeploymentPostprocessing = 0;
		};
/* End PBXSourcesBuildPhase section */

/* Begin PBXVariantGroup section */
		8A127BAD1FB8CBD900FFDFEA /* Main.storyboard */ = {
			isa = PBXVariantGroup;
			children = (
				8A127BAE1FB8CBD900FFDFEA /* Base */,
			);
			name = Main.storyboard;
			sourceTree = "<group>";
		};
		8A127BB51FB8CBD900FFDFEA /* LaunchScreen.storyboard */ = {
			isa = PBXVariantGroup;
			children = (
				8A127BB61FB8CBD900FFDFEA /* Base */,
			);
			name = LaunchScreen.storyboard;
			sourceTree = "<group>";
		};
/* End PBXVariantGroup section */

/* Begin XCBuildConfiguration section */
		8A127BBB1FB8CBD900FFDFEA /* Debug */ = {
			isa = XCBuildConfiguration;
			buildSettings = {
				ALWAYS_SEARCH_USER_PATHS = NO;
				CLANG_ANALYZER_NONNULL = YES;
				CLANG_ANALYZER_NUMBER_OBJECT_CONVERSION = YES_AGGRESSIVE;
				CLANG_CXX_LANGUAGE_STANDARD = "gnu++14";
				CLANG_CXX_LIBRARY = "libc++";
				CLANG_ENABLE_MODULES = YES;
				CLANG_ENABLE_OBJC_ARC = YES;
				CLANG_WARN_BLOCK_CAPTURE_AUTORELEASING = YES;
				CLANG_WARN_BOOL_CONVERSION = YES;
				CLANG_WARN_COMMA = YES;
				CLANG_WARN_CONSTANT_CONVERSION = YES;
				CLANG_WARN_DIRECT_OBJC_ISA_USAGE = YES_ERROR;
				CLANG_WARN_DOCUMENTATION_COMMENTS = YES;
				CLANG_WARN_EMPTY_BODY = YES;
				CLANG_WARN_ENUM_CONVERSION = YES;
				CLANG_WARN_INFINITE_RECURSION = YES;
				CLANG_WARN_INT_CONVERSION = YES;
				CLANG_WARN_NON_LITERAL_NULL_CONVERSION = YES;
				CLANG_WARN_OBJC_LITERAL_CONVERSION = YES;
				CLANG_WARN_OBJC_ROOT_CLASS = YES_ERROR;
				CLANG_WARN_RANGE_LOOP_ANALYSIS = YES;
				CLANG_WARN_STRICT_PROTOTYPES = YES;
				CLANG_WARN_SUSPICIOUS_MOVE = YES;
				CLANG_WARN_UNGUARDED_AVAILABILITY = YES_AGGRESSIVE;
				CLANG_WARN_UNREACHABLE_CODE = YES;
				CLANG_WARN__DUPLICATE_METHOD_MATCH = YES;
				CODE_SIGN_IDENTITY = "iPhone Developer";
				COPY_PHASE_STRIP = NO;
				DEBUG_INFORMATION_FORMAT = dwarf;
				ENABLE_STRICT_OBJC_MSGSEND = YES;
				ENABLE_TESTABILITY = YES;
				GCC_C_LANGUAGE_STANDARD = gnu11;
				GCC_DYNAMIC_NO_PIC = NO;
				GCC_NO_COMMON_BLOCKS = YES;
				GCC_OPTIMIZATION_LEVEL = 0;
				GCC_PREPROCESSOR_DEFINITIONS = (
					"DEBUG=1",
					"$(inherited)",
				);
				GCC_WARN_64_TO_32_BIT_CONVERSION = YES;
				GCC_WARN_ABOUT_RETURN_TYPE = YES_ERROR;
				GCC_WARN_UNDECLARED_SELECTOR = YES;
				GCC_WARN_UNINITIALIZED_AUTOS = YES_AGGRESSIVE;
				GCC_WARN_UNUSED_FUNCTION = YES;
				GCC_WARN_UNUSED_VARIABLE = YES;
				IPHONEOS_DEPLOYMENT_TARGET = 11.1;
				MTL_ENABLE_DEBUG_INFO = YES;
				ONLY_ACTIVE_ARCH = YES;
				SDKROOT = iphoneos;
			};
			name = Debug;
		};
		8A127BBC1FB8CBD900FFDFEA /* Release */ = {
			isa = XCBuildConfiguration;
			buildSettings = {
				ALWAYS_SEARCH_USER_PATHS = NO;
				CLANG_ANALYZER_NONNULL = YES;
				CLANG_ANALYZER_NUMBER_OBJECT_CONVERSION = YES_AGGRESSIVE;
				CLANG_CXX_LANGUAGE_STANDARD = "gnu++14";
				CLANG_CXX_LIBRARY = "libc++";
				CLANG_ENABLE_MODULES = YES;
				CLANG_ENABLE_OBJC_ARC = YES;
				CLANG_WARN_BLOCK_CAPTURE_AUTORELEASING = YES;
				CLANG_WARN_BOOL_CONVERSION = YES;
				CLANG_WARN_COMMA = YES;
				CLANG_WARN_CONSTANT_CONVERSION = YES;
				CLANG_WARN_DIRECT_OBJC_ISA_USAGE = YES_ERROR;
				CLANG_WARN_DOCUMENTATION_COMMENTS = YES;
				CLANG_WARN_EMPTY_BODY = YES;
				CLANG_WARN_ENUM_CONVERSION = YES;
				CLANG_WARN_INFINITE_RECURSION = YES;
				CLANG_WARN_INT_CONVERSION = YES;
				CLANG_WARN_NON_LITERAL_NULL_CONVERSION = YES;
				CLANG_WARN_OBJC_LITERAL_CONVERSION = YES;
				CLANG_WARN_OBJC_ROOT_CLASS = YES_ERROR;
				CLANG_WARN_RANGE_LOOP_ANALYSIS = YES;
				CLANG_WARN_STRICT_PROTOTYPES = YES;
				CLANG_WARN_SUSPICIOUS_MOVE = YES;
				CLANG_WARN_UNGUARDED_AVAILABILITY = YES_AGGRESSIVE;
				CLANG_WARN_UNREACHABLE_CODE = YES;
				CLANG_WARN__DUPLICATE_METHOD_MATCH = YES;
				CODE_SIGN_IDENTITY = "iPhone Developer";
				COPY_PHASE_STRIP = NO;
				DEBUG_INFORMATION_FORMAT = "dwarf-with-dsym";
				ENABLE_NS_ASSERTIONS = NO;
				ENABLE_STRICT_OBJC_MSGSEND = YES;
				GCC_C_LANGUAGE_STANDARD = gnu11;
				GCC_NO_COMMON_BLOCKS = YES;
				GCC_WARN_64_TO_32_BIT_CONVERSION = YES;
				GCC_WARN_ABOUT_RETURN_TYPE = YES_ERROR;
				GCC_WARN_UNDECLARED_SELECTOR = YES;
				GCC_WARN_UNINITIALIZED_AUTOS = YES_AGGRESSIVE;
				GCC_WARN_UNUSED_FUNCTION = YES;
				GCC_WARN_UNUSED_VARIABLE = YES;
				IPHONEOS_DEPLOYMENT_TARGET = 11.1;
				MTL_ENABLE_DEBUG_INFO = NO;
				SDKROOT = iphoneos;
				VALIDATE_PRODUCT = YES;
			};
			name = Release;
		};
		8A127BBE1FB8CBD900FFDFEA /* Debug */ = {
			isa = XCBuildConfiguration;
			baseConfigurationReference = 8F6060E35B0CFF5134D3F9DC /* Pods-PLMDF Testing.debug.xcconfig */;
			buildSettings = {
				ASSETCATALOG_COMPILER_APPICON_NAME = AppIcon;
				CODE_SIGN_STYLE = Automatic;
				DEVELOPMENT_TEAM = XLJU5RH2N6;
				INFOPLIST_FILE = "PLMDF Testing/Info.plist";
				LD_RUNPATH_SEARCH_PATHS = "$(inherited) @executable_path/Frameworks";
				PRODUCT_BUNDLE_IDENTIFIER = "com.bilbruce.ios.PLMDF-Testing";
				PRODUCT_NAME = "$(TARGET_NAME)";
				TARGETED_DEVICE_FAMILY = "1,2";
			};
			name = Debug;
		};
		8A127BBF1FB8CBD900FFDFEA /* Release */ = {
			isa = XCBuildConfiguration;
			baseConfigurationReference = 1FC8A13678B43D8435460F73 /* Pods-PLMDF Testing.release.xcconfig */;
			buildSettings = {
				ASSETCATALOG_COMPILER_APPICON_NAME = AppIcon;
				CODE_SIGN_STYLE = Automatic;
				DEVELOPMENT_TEAM = XLJU5RH2N6;
				INFOPLIST_FILE = "PLMDF Testing/Info.plist";
				LD_RUNPATH_SEARCH_PATHS = "$(inherited) @executable_path/Frameworks";
				PRODUCT_BUNDLE_IDENTIFIER = "com.bilbruce.ios.PLMDF-Testing";
				PRODUCT_NAME = "$(TARGET_NAME)";
				TARGETED_DEVICE_FAMILY = "1,2";
			};
			name = Release;
		};
/* End XCBuildConfiguration section */

/* Begin XCConfigurationList section */
		8A127B9F1FB8CBD900FFDFEA /* Build configuration list for PBXProject "PLMDF Testing" */ = {
			isa = XCConfigurationList;
			buildConfigurations = (
				8A127BBB1FB8CBD900FFDFEA /* Debug */,
				8A127BBC1FB8CBD900FFDFEA /* Release */,
			);
			defaultConfigurationIsVisible = 0;
			defaultConfigurationName = Release;
		};
		8A127BBD1FB8CBD900FFDFEA /* Build configuration list for PBXNativeTarget "PLMDF Testing" */ = {
			isa = XCConfigurationList;
			buildConfigurations = (
				8A127BBE1FB8CBD900FFDFEA /* Debug */,
				8A127BBF1FB8CBD900FFDFEA /* Release */,
			);
			defaultConfigurationIsVisible = 0;
			defaultConfigurationName = Release;
		};
/* End XCConfigurationList section */

/* Begin XCVersionGroup section */
		8A127BB01FB8CBD900FFDFEA /* PLMDF_Testing.xcdatamodeld */ = {
			isa = XCVersionGroup;
			children = (
				8A127BB11FB8CBD900FFDFEA /* PLMDF_Testing.xcdatamodel */,
			);
			currentVersion = 8A127BB11FB8CBD900FFDFEA /* PLMDF_Testing.xcdatamodel */;
			path = PLMDF_Testing.xcdatamodeld;
			sourceTree = "<group>";
			versionGroupType = wrapper.xcdatamodel;
		};
/* End XCVersionGroup section */
	};
	rootObject = 8A127B9C1FB8CBD900FFDFEA /* Project object */;
}
